// !$*UTF8*$!
{
	archiveVersion = 1;
	classes = {
	};
	objectVersion = 50;
	objects = {

/* Begin PBXBuildFile section */
		436982509A15900C45AC82AD /* Pods_eMagApp.framework in Frameworks */ = {isa = PBXBuildFile; fileRef = 4EA5695841F404BAE91446E7 /* Pods_eMagApp.framework */; };
		60476F9F209C81B300AFD98D /* SearchViewController.swift in Sources */ = {isa = PBXBuildFile; fileRef = 60476F9E209C81B300AFD98D /* SearchViewController.swift */; };
		60476FA1209C81C300AFD98D /* ProductsTableViewController.swift in Sources */ = {isa = PBXBuildFile; fileRef = 60476FA0209C81C300AFD98D /* ProductsTableViewController.swift */; };
		60476FA3209C81CF00AFD98D /* ProductTableViewCell.swift in Sources */ = {isa = PBXBuildFile; fileRef = 60476FA2209C81CF00AFD98D /* ProductTableViewCell.swift */; };
		60476FA5209C81DC00AFD98D /* ProductDetailsViewController.swift in Sources */ = {isa = PBXBuildFile; fileRef = 60476FA4209C81DC00AFD98D /* ProductDetailsViewController.swift */; };
		604D9F9D20A32A4800C69A2F /* Constants.swift in Sources */ = {isa = PBXBuildFile; fileRef = 604D9F9C20A32A4800C69A2F /* Constants.swift */; };
		60A0106B2090755D00EAE5B1 /* AppDelegate.swift in Sources */ = {isa = PBXBuildFile; fileRef = 60A0106A2090755D00EAE5B1 /* AppDelegate.swift */; };
		60A010702090755D00EAE5B1 /* Main.storyboard in Resources */ = {isa = PBXBuildFile; fileRef = 60A0106E2090755D00EAE5B1 /* Main.storyboard */; };
		60A010722090755E00EAE5B1 /* Assets.xcassets in Resources */ = {isa = PBXBuildFile; fileRef = 60A010712090755E00EAE5B1 /* Assets.xcassets */; };
		60A010752090755E00EAE5B1 /* LaunchScreen.storyboard in Resources */ = {isa = PBXBuildFile; fileRef = 60A010732090755E00EAE5B1 /* LaunchScreen.storyboard */; };
		60CE1A55209C80E400BD5F21 /* Product.swift in Sources */ = {isa = PBXBuildFile; fileRef = 60CE1A54209C80E400BD5F21 /* Product.swift */; };
		60CE1A57209C80EF00BD5F21 /* ProductDetails.swift in Sources */ = {isa = PBXBuildFile; fileRef = 60CE1A56209C80EF00BD5F21 /* ProductDetails.swift */; };
		60CE1A59209C810700BD5F21 /* Log.swift in Sources */ = {isa = PBXBuildFile; fileRef = 60CE1A58209C810700BD5F21 /* Log.swift */; };
		C90B070520B413BD004CD740 /* ProductTesting.swift in Sources */ = {isa = PBXBuildFile; fileRef = C90B070420B413BD004CD740 /* ProductTesting.swift */; };
		C914419920AD7D8600706979 /* Double+format.swift in Sources */ = {isa = PBXBuildFile; fileRef = C914419820AD7D8600706979 /* Double+format.swift */; };
		C914419B20AD7DE000706979 /* UIViewController+nav.swift in Sources */ = {isa = PBXBuildFile; fileRef = C914419A20AD7DE000706979 /* UIViewController+nav.swift */; };
		C914419D20AD7E1700706979 /* UIImageView+loadImage.swift in Sources */ = {isa = PBXBuildFile; fileRef = C914419C20AD7E1700706979 /* UIImageView+loadImage.swift */; };
		C91441AD20ADB95700706979 /* ProductScraperTesting.swift in Sources */ = {isa = PBXBuildFile; fileRef = C91441AC20ADB95700706979 /* ProductScraperTesting.swift */; };
		C91441B320ADBDC100706979 /* TestsProductScraping.swift in Sources */ = {isa = PBXBuildFile; fileRef = C91441B220ADBDC100706979 /* TestsProductScraping.swift */; };
		C91441B820AF10C900706979 /* TestUrlConstruction.swift in Sources */ = {isa = PBXBuildFile; fileRef = C91441B720AF10C900706979 /* TestUrlConstruction.swift */; };
		C91441BB20B2B3BC00706979 /* HtmlRetriever.swift in Sources */ = {isa = PBXBuildFile; fileRef = C91441BA20B2B3BC00706979 /* HtmlRetriever.swift */; };
		C91441BD20B2B41A00706979 /* NetworkAccess.swift in Sources */ = {isa = PBXBuildFile; fileRef = C91441BC20B2B41A00706979 /* NetworkAccess.swift */; };
		C91441BF20B2B45300706979 /* Factory.swift in Sources */ = {isa = PBXBuildFile; fileRef = C91441BE20B2B45300706979 /* Factory.swift */; };
		C91441C120B2B47800706979 /* EmagProductsRequest.swift in Sources */ = {isa = PBXBuildFile; fileRef = C91441C020B2B47800706979 /* EmagProductsRequest.swift */; };
		C91441C320B2B49A00706979 /* EmagDetailsRequest.swift in Sources */ = {isa = PBXBuildFile; fileRef = C91441C220B2B49A00706979 /* EmagDetailsRequest.swift */; };
		C91441C520B2B55F00706979 /* MockedFactory.swift in Sources */ = {isa = PBXBuildFile; fileRef = C91441C420B2B55F00706979 /* MockedFactory.swift */; };
		C91441C920B2BA8F00706979 /* String+attributed.swift in Sources */ = {isa = PBXBuildFile; fileRef = C91441C820B2BA8F00706979 /* String+attributed.swift */; };
		C91441CB20B2BB3D00706979 /* UIViewController+alert.swift in Sources */ = {isa = PBXBuildFile; fileRef = C91441CA20B2BB3D00706979 /* UIViewController+alert.swift */; };
		C91441D120B2CA7400706979 /* 0.htm in Resources */ = {isa = PBXBuildFile; fileRef = C91441D020B2CA7400706979 /* 0.htm */; };
		C91441D520B2D95D00706979 /* 1.htm in Resources */ = {isa = PBXBuildFile; fileRef = C91441D420B2D95D00706979 /* 1.htm */; };
		C91441D720B2D99300706979 /* 2.htm in Resources */ = {isa = PBXBuildFile; fileRef = C91441D620B2D99300706979 /* 2.htm */; };
		C91441D820B3097100706979 /* apple.htm in Resources */ = {isa = PBXBuildFile; fileRef = C91441AF20ADBB8A00706979 /* apple.htm */; };
		C91441DA20B3EFC000706979 /* Helper.swift in Sources */ = {isa = PBXBuildFile; fileRef = C91441D920B3EFC000706979 /* Helper.swift */; };
		C91441DC20B3F9B200706979 /* TestConstants.swift in Sources */ = {isa = PBXBuildFile; fileRef = C91441DB20B3F9B200706979 /* TestConstants.swift */; };
		C91441DE20B4053700706979 /* ProductDetailsTesting.swift in Sources */ = {isa = PBXBuildFile; fileRef = C91441DD20B4053700706979 /* ProductDetailsTesting.swift */; };
		C91E79D220A9BD620074DEAF /* ImageSliderViewController.swift in Sources */ = {isa = PBXBuildFile; fileRef = C91E79D120A9BD620074DEAF /* ImageSliderViewController.swift */; };
		C91E79DE20AAEC720074DEAF /* EmagRequest.swift in Sources */ = {isa = PBXBuildFile; fileRef = C91E79DD20AAEC720074DEAF /* EmagRequest.swift */; };
		C91E79E220AC57910074DEAF /* ProductCellDelegate.swift in Sources */ = {isa = PBXBuildFile; fileRef = C91E79E120AC57910074DEAF /* ProductCellDelegate.swift */; };
		C91E79E420AC57F50074DEAF /* ProductCellProtocol.swift in Sources */ = {isa = PBXBuildFile; fileRef = C91E79E320AC57F50074DEAF /* ProductCellProtocol.swift */; };
		C9348BA320B44EF20073E0E8 /* DetailsScraperTesting.swift in Sources */ = {isa = PBXBuildFile; fileRef = C9348BA220B44EF20073E0E8 /* DetailsScraperTesting.swift */; };
/* End PBXBuildFile section */

/* Begin PBXContainerItemProxy section */
		C91441A720ADB71600706979 /* PBXContainerItemProxy */ = {
			isa = PBXContainerItemProxy;
			containerPortal = 60A0105F2090755D00EAE5B1 /* Project object */;
			proxyType = 1;
			remoteGlobalIDString = 60A010662090755D00EAE5B1;
			remoteInfo = eMagApp;
		};
/* End PBXContainerItemProxy section */

/* Begin PBXFileReference section */
		367FC2F533C8BD0F4F336A42 /* Pods-eMagApp.debug.xcconfig */ = {isa = PBXFileReference; includeInIndex = 1; lastKnownFileType = text.xcconfig; name = "Pods-eMagApp.debug.xcconfig"; path = "Pods/Target Support Files/Pods-eMagApp/Pods-eMagApp.debug.xcconfig"; sourceTree = "<group>"; };
		42D9BA5D5226856561C851CB /* Pods-eMagApp.release.xcconfig */ = {isa = PBXFileReference; includeInIndex = 1; lastKnownFileType = text.xcconfig; name = "Pods-eMagApp.release.xcconfig"; path = "Pods/Target Support Files/Pods-eMagApp/Pods-eMagApp.release.xcconfig"; sourceTree = "<group>"; };
		4EA5695841F404BAE91446E7 /* Pods_eMagApp.framework */ = {isa = PBXFileReference; explicitFileType = wrapper.framework; includeInIndex = 0; path = Pods_eMagApp.framework; sourceTree = BUILT_PRODUCTS_DIR; };
		60476F9E209C81B300AFD98D /* SearchViewController.swift */ = {isa = PBXFileReference; fileEncoding = 4; lastKnownFileType = sourcecode.swift; path = SearchViewController.swift; sourceTree = "<group>"; };
		60476FA0209C81C300AFD98D /* ProductsTableViewController.swift */ = {isa = PBXFileReference; fileEncoding = 4; lastKnownFileType = sourcecode.swift; path = ProductsTableViewController.swift; sourceTree = "<group>"; };
		60476FA2209C81CF00AFD98D /* ProductTableViewCell.swift */ = {isa = PBXFileReference; fileEncoding = 4; lastKnownFileType = sourcecode.swift; path = ProductTableViewCell.swift; sourceTree = "<group>"; };
		60476FA4209C81DC00AFD98D /* ProductDetailsViewController.swift */ = {isa = PBXFileReference; fileEncoding = 4; lastKnownFileType = sourcecode.swift; path = ProductDetailsViewController.swift; sourceTree = "<group>"; };
		604D9F9C20A32A4800C69A2F /* Constants.swift */ = {isa = PBXFileReference; lastKnownFileType = sourcecode.swift; path = Constants.swift; sourceTree = "<group>"; };
		60A010672090755D00EAE5B1 /* eMagApp.app */ = {isa = PBXFileReference; explicitFileType = wrapper.application; includeInIndex = 0; path = eMagApp.app; sourceTree = BUILT_PRODUCTS_DIR; };
		60A0106A2090755D00EAE5B1 /* AppDelegate.swift */ = {isa = PBXFileReference; lastKnownFileType = sourcecode.swift; path = AppDelegate.swift; sourceTree = "<group>"; };
		60A0106F2090755D00EAE5B1 /* Base */ = {isa = PBXFileReference; lastKnownFileType = file.storyboard; name = Base; path = Base.lproj/Main.storyboard; sourceTree = "<group>"; };
		60A010712090755E00EAE5B1 /* Assets.xcassets */ = {isa = PBXFileReference; lastKnownFileType = folder.assetcatalog; path = Assets.xcassets; sourceTree = "<group>"; };
		60A010742090755E00EAE5B1 /* Base */ = {isa = PBXFileReference; lastKnownFileType = file.storyboard; name = Base; path = Base.lproj/LaunchScreen.storyboard; sourceTree = "<group>"; };
		60A010762090755E00EAE5B1 /* Info.plist */ = {isa = PBXFileReference; lastKnownFileType = text.plist.xml; path = Info.plist; sourceTree = "<group>"; };
		60CE1A54209C80E400BD5F21 /* Product.swift */ = {isa = PBXFileReference; fileEncoding = 4; lastKnownFileType = sourcecode.swift; path = Product.swift; sourceTree = "<group>"; };
		60CE1A56209C80EF00BD5F21 /* ProductDetails.swift */ = {isa = PBXFileReference; fileEncoding = 4; lastKnownFileType = sourcecode.swift; path = ProductDetails.swift; sourceTree = "<group>"; };
		60CE1A58209C810700BD5F21 /* Log.swift */ = {isa = PBXFileReference; fileEncoding = 4; lastKnownFileType = sourcecode.swift; path = Log.swift; sourceTree = "<group>"; };
		C90B070420B413BD004CD740 /* ProductTesting.swift */ = {isa = PBXFileReference; lastKnownFileType = sourcecode.swift; path = ProductTesting.swift; sourceTree = "<group>"; };
		C914419820AD7D8600706979 /* Double+format.swift */ = {isa = PBXFileReference; lastKnownFileType = sourcecode.swift; path = "Double+format.swift"; sourceTree = "<group>"; };
		C914419A20AD7DE000706979 /* UIViewController+nav.swift */ = {isa = PBXFileReference; lastKnownFileType = sourcecode.swift; path = "UIViewController+nav.swift"; sourceTree = "<group>"; };
		C914419C20AD7E1700706979 /* UIImageView+loadImage.swift */ = {isa = PBXFileReference; lastKnownFileType = sourcecode.swift; path = "UIImageView+loadImage.swift"; sourceTree = "<group>"; };
		C91441A220ADB71600706979 /* eMagAppTests.xctest */ = {isa = PBXFileReference; explicitFileType = wrapper.cfbundle; includeInIndex = 0; path = eMagAppTests.xctest; sourceTree = BUILT_PRODUCTS_DIR; };
		C91441A620ADB71600706979 /* Info.plist */ = {isa = PBXFileReference; lastKnownFileType = text.plist.xml; path = Info.plist; sourceTree = "<group>"; };
		C91441AC20ADB95700706979 /* ProductScraperTesting.swift */ = {isa = PBXFileReference; lastKnownFileType = sourcecode.swift; path = ProductScraperTesting.swift; sourceTree = "<group>"; };
		C91441AF20ADBB8A00706979 /* apple.htm */ = {isa = PBXFileReference; lastKnownFileType = text.html; path = apple.htm; sourceTree = "<group>"; };
		C91441B220ADBDC100706979 /* TestsProductScraping.swift */ = {isa = PBXFileReference; lastKnownFileType = sourcecode.swift; path = TestsProductScraping.swift; sourceTree = "<group>"; };
		C91441B720AF10C900706979 /* TestUrlConstruction.swift */ = {isa = PBXFileReference; lastKnownFileType = sourcecode.swift; path = TestUrlConstruction.swift; sourceTree = "<group>"; };
		C91441BA20B2B3BC00706979 /* HtmlRetriever.swift */ = {isa = PBXFileReference; lastKnownFileType = sourcecode.swift; path = HtmlRetriever.swift; sourceTree = "<group>"; };
		C91441BC20B2B41A00706979 /* NetworkAccess.swift */ = {isa = PBXFileReference; lastKnownFileType = sourcecode.swift; path = NetworkAccess.swift; sourceTree = "<group>"; };
		C91441BE20B2B45300706979 /* Factory.swift */ = {isa = PBXFileReference; lastKnownFileType = sourcecode.swift; path = Factory.swift; sourceTree = "<group>"; };
		C91441C020B2B47800706979 /* EmagProductsRequest.swift */ = {isa = PBXFileReference; lastKnownFileType = sourcecode.swift; path = EmagProductsRequest.swift; sourceTree = "<group>"; };
		C91441C220B2B49A00706979 /* EmagDetailsRequest.swift */ = {isa = PBXFileReference; lastKnownFileType = sourcecode.swift; path = EmagDetailsRequest.swift; sourceTree = "<group>"; };
		C91441C420B2B55F00706979 /* MockedFactory.swift */ = {isa = PBXFileReference; lastKnownFileType = sourcecode.swift; path = MockedFactory.swift; sourceTree = "<group>"; };
		C91441C820B2BA8F00706979 /* String+attributed.swift */ = {isa = PBXFileReference; lastKnownFileType = sourcecode.swift; path = "String+attributed.swift"; sourceTree = "<group>"; };
		C91441CA20B2BB3D00706979 /* UIViewController+alert.swift */ = {isa = PBXFileReference; lastKnownFileType = sourcecode.swift; path = "UIViewController+alert.swift"; sourceTree = "<group>"; };
		C91441D020B2CA7400706979 /* 0.htm */ = {isa = PBXFileReference; lastKnownFileType = text.html; path = 0.htm; sourceTree = "<group>"; };
		C91441D420B2D95D00706979 /* 1.htm */ = {isa = PBXFileReference; lastKnownFileType = text.html; path = 1.htm; sourceTree = "<group>"; };
		C91441D620B2D99300706979 /* 2.htm */ = {isa = PBXFileReference; lastKnownFileType = text.html; path = 2.htm; sourceTree = "<group>"; };
		C91441D920B3EFC000706979 /* Helper.swift */ = {isa = PBXFileReference; lastKnownFileType = sourcecode.swift; path = Helper.swift; sourceTree = "<group>"; };
		C91441DB20B3F9B200706979 /* TestConstants.swift */ = {isa = PBXFileReference; lastKnownFileType = sourcecode.swift; path = TestConstants.swift; sourceTree = "<group>"; };
		C91441DD20B4053700706979 /* ProductDetailsTesting.swift */ = {isa = PBXFileReference; lastKnownFileType = sourcecode.swift; path = ProductDetailsTesting.swift; sourceTree = "<group>"; };
		C91E79D120A9BD620074DEAF /* ImageSliderViewController.swift */ = {isa = PBXFileReference; lastKnownFileType = sourcecode.swift; path = ImageSliderViewController.swift; sourceTree = "<group>"; };
		C91E79DD20AAEC720074DEAF /* EmagRequest.swift */ = {isa = PBXFileReference; lastKnownFileType = sourcecode.swift; path = EmagRequest.swift; sourceTree = "<group>"; };
		C91E79E120AC57910074DEAF /* ProductCellDelegate.swift */ = {isa = PBXFileReference; lastKnownFileType = sourcecode.swift; path = ProductCellDelegate.swift; sourceTree = "<group>"; };
		C91E79E320AC57F50074DEAF /* ProductCellProtocol.swift */ = {isa = PBXFileReference; lastKnownFileType = sourcecode.swift; path = ProductCellProtocol.swift; sourceTree = "<group>"; };
		C9348BA220B44EF20073E0E8 /* DetailsScraperTesting.swift */ = {isa = PBXFileReference; lastKnownFileType = sourcecode.swift; path = DetailsScraperTesting.swift; sourceTree = "<group>"; };
/* End PBXFileReference section */

/* Begin PBXFrameworksBuildPhase section */
		60A010642090755D00EAE5B1 /* Frameworks */ = {
			isa = PBXFrameworksBuildPhase;
			buildActionMask = 2147483647;
			files = (
				436982509A15900C45AC82AD /* Pods_eMagApp.framework in Frameworks */,
			);
			runOnlyForDeploymentPostprocessing = 0;
		};
		C914419F20ADB71600706979 /* Frameworks */ = {
			isa = PBXFrameworksBuildPhase;
			buildActionMask = 2147483647;
			files = (
			);
			runOnlyForDeploymentPostprocessing = 0;
		};
/* End PBXFrameworksBuildPhase section */

/* Begin PBXGroup section */
		6041407A209C7FD900390E03 /* Views */ = {
			isa = PBXGroup;
			children = (
				60476FA2209C81CF00AFD98D /* ProductTableViewCell.swift */,
				C914419C20AD7E1700706979 /* UIImageView+loadImage.swift */,
			);
			name = Views;
			sourceTree = "<group>";
		};
		6041407B209C7FFF00390E03 /* Model */ = {
			isa = PBXGroup;
			children = (
				60CE1A54209C80E400BD5F21 /* Product.swift */,
				60CE1A56209C80EF00BD5F21 /* ProductDetails.swift */,
				C914419820AD7D8600706979 /* Double+format.swift */,
			);
			name = Model;
			sourceTree = "<group>";
		};
		608E326F20A1739B00D8E06C /* Controller */ = {
			isa = PBXGroup;
			children = (
				60476F9E209C81B300AFD98D /* SearchViewController.swift */,
				60476FA0209C81C300AFD98D /* ProductsTableViewController.swift */,
				C91E79E120AC57910074DEAF /* ProductCellDelegate.swift */,
				60476FA4209C81DC00AFD98D /* ProductDetailsViewController.swift */,
				C91E79D120A9BD620074DEAF /* ImageSliderViewController.swift */,
				C914419A20AD7DE000706979 /* UIViewController+nav.swift */,
				C91441CA20B2BB3D00706979 /* UIViewController+alert.swift */,
			);
			name = Controller;
			sourceTree = "<group>";
		};
		60A0105E2090755D00EAE5B1 = {
			isa = PBXGroup;
			children = (
				60A010692090755D00EAE5B1 /* eMagApp */,
				C91441A320ADB71600706979 /* eMagAppTests */,
				60A010682090755D00EAE5B1 /* Products */,
				96975BC414FE5F2983FC6934 /* Pods */,
				DE0D2956470F48925A81BB67 /* Frameworks */,
			);
			sourceTree = "<group>";
		};
		60A010682090755D00EAE5B1 /* Products */ = {
			isa = PBXGroup;
			children = (
				60A010672090755D00EAE5B1 /* eMagApp.app */,
				C91441A220ADB71600706979 /* eMagAppTests.xctest */,
			);
			name = Products;
			sourceTree = "<group>";
		};
		60A010692090755D00EAE5B1 /* eMagApp */ = {
			isa = PBXGroup;
			children = (
				C91441B920B2B38B00706979 /* NetworkAccess */,
				C914419720AD7C2200706979 /* Protocols */,
				60A0106E2090755D00EAE5B1 /* Main.storyboard */,
				C91441BE20B2B45300706979 /* Factory.swift */,
				60A010762090755E00EAE5B1 /* Info.plist */,
				C91E79D520A9CCCD0074DEAF /* Scraper */,
				6041407B209C7FFF00390E03 /* Model */,
				608E326F20A1739B00D8E06C /* Controller */,
				6041407A209C7FD900390E03 /* Views */,
				60A0107C209078C600EAE5B1 /* Support files */,
			);
			path = eMagApp;
			sourceTree = "<group>";
		};
		60A0107C209078C600EAE5B1 /* Support files */ = {
			isa = PBXGroup;
			children = (
				60A0106A2090755D00EAE5B1 /* AppDelegate.swift */,
				60A010712090755E00EAE5B1 /* Assets.xcassets */,
				60A010732090755E00EAE5B1 /* LaunchScreen.storyboard */,
			);
			path = "Support files";
			sourceTree = "<group>";
		};
		96975BC414FE5F2983FC6934 /* Pods */ = {
			isa = PBXGroup;
			children = (
				367FC2F533C8BD0F4F336A42 /* Pods-eMagApp.debug.xcconfig */,
				42D9BA5D5226856561C851CB /* Pods-eMagApp.release.xcconfig */,
			);
			name = Pods;
			sourceTree = "<group>";
		};
		C914419720AD7C2200706979 /* Protocols */ = {
			isa = PBXGroup;
			children = (
				C91441BA20B2B3BC00706979 /* HtmlRetriever.swift */,
				C91E79E320AC57F50074DEAF /* ProductCellProtocol.swift */,
			);
			name = Protocols;
			sourceTree = "<group>";
		};
		C91441A320ADB71600706979 /* eMagAppTests */ = {
			isa = PBXGroup;
			children = (
				C91441C620B2B68300706979 /* Tests */,
				C91441AE20ADBB4100706979 /* Resources */,
				C91441C720B2B69900706979 /* Mocking */,
				C91441A620ADB71600706979 /* Info.plist */,
			);
			path = eMagAppTests;
			sourceTree = "<group>";
		};
		C91441AE20ADBB4100706979 /* Resources */ = {
			isa = PBXGroup;
			children = (
				C91441AF20ADBB8A00706979 /* apple.htm */,
				C91441D020B2CA7400706979 /* 0.htm */,
				C91441D420B2D95D00706979 /* 1.htm */,
				C91441D620B2D99300706979 /* 2.htm */,
			);
			path = Resources;
			sourceTree = "<group>";
		};
		C91441B120ADBD7A00706979 /* ScrapingAlgorithmIntegrity */ = {
			isa = PBXGroup;
			children = (
				C91441B220ADBDC100706979 /* TestsProductScraping.swift */,
			);
			path = ScrapingAlgorithmIntegrity;
			sourceTree = "<group>";
		};
		C91441B620AF10AC00706979 /* Model */ = {
			isa = PBXGroup;
			children = (
				C91441B720AF10C900706979 /* TestUrlConstruction.swift */,
				C91441AC20ADB95700706979 /* ProductScraperTesting.swift */,
				C90B070420B413BD004CD740 /* ProductTesting.swift */,
				C9348BA220B44EF20073E0E8 /* DetailsScraperTesting.swift */,
				C91441DD20B4053700706979 /* ProductDetailsTesting.swift */,
			);
			path = Model;
			sourceTree = "<group>";
		};
		C91441B920B2B38B00706979 /* NetworkAccess */ = {
			isa = PBXGroup;
			children = (
				C91441BC20B2B41A00706979 /* NetworkAccess.swift */,
			);
			name = NetworkAccess;
			sourceTree = "<group>";
		};
		C91441C620B2B68300706979 /* Tests */ = {
			isa = PBXGroup;
			children = (
				C91441B120ADBD7A00706979 /* ScrapingAlgorithmIntegrity */,
				C91441B620AF10AC00706979 /* Model */,
				C91441D920B3EFC000706979 /* Helper.swift */,
				C91441DB20B3F9B200706979 /* TestConstants.swift */,
			);
			path = Tests;
			sourceTree = "<group>";
		};
		C91441C720B2B69900706979 /* Mocking */ = {
			isa = PBXGroup;
			children = (
				C91441C420B2B55F00706979 /* MockedFactory.swift */,
			);
			path = Mocking;
			sourceTree = "<group>";
		};
		C91E79D520A9CCCD0074DEAF /* Scraper */ = {
			isa = PBXGroup;
			children = (
				604D9F9C20A32A4800C69A2F /* Constants.swift */,
				C91E79DD20AAEC720074DEAF /* EmagRequest.swift */,
				C91441C020B2B47800706979 /* EmagProductsRequest.swift */,
				C91441C220B2B49A00706979 /* EmagDetailsRequest.swift */,
				C91441C820B2BA8F00706979 /* String+attributed.swift */,
				60CE1A58209C810700BD5F21 /* Log.swift */,
			);
			name = Scraper;
			sourceTree = "<group>";
		};
		DE0D2956470F48925A81BB67 /* Frameworks */ = {
			isa = PBXGroup;
			children = (
				4EA5695841F404BAE91446E7 /* Pods_eMagApp.framework */,
			);
			name = Frameworks;
			sourceTree = "<group>";
		};
/* End PBXGroup section */

/* Begin PBXNativeTarget section */
		60A010662090755D00EAE5B1 /* eMagApp */ = {
			isa = PBXNativeTarget;
			buildConfigurationList = 60A010792090755E00EAE5B1 /* Build configuration list for PBXNativeTarget "eMagApp" */;
			buildPhases = (
				0828F66F9CA7CA87B1B90F95 /* [CP] Check Pods Manifest.lock */,
				60A010632090755D00EAE5B1 /* Sources */,
				60A010642090755D00EAE5B1 /* Frameworks */,
				60A010652090755D00EAE5B1 /* Resources */,
				5AAC7F9664E19C22A6F66523 /* [CP] Embed Pods Frameworks */,
			);
			buildRules = (
			);
			dependencies = (
			);
			name = eMagApp;
			productName = eMagApp;
			productReference = 60A010672090755D00EAE5B1 /* eMagApp.app */;
			productType = "com.apple.product-type.application";
		};
		C91441A120ADB71600706979 /* eMagAppTests */ = {
			isa = PBXNativeTarget;
			buildConfigurationList = C91441AB20ADB71600706979 /* Build configuration list for PBXNativeTarget "eMagAppTests" */;
			buildPhases = (
				C914419E20ADB71600706979 /* Sources */,
				C914419F20ADB71600706979 /* Frameworks */,
				C91441A020ADB71600706979 /* Resources */,
			);
			buildRules = (
			);
			dependencies = (
				C91441A820ADB71600706979 /* PBXTargetDependency */,
			);
			name = eMagAppTests;
			productName = eMagAppTests;
			productReference = C91441A220ADB71600706979 /* eMagAppTests.xctest */;
			productType = "com.apple.product-type.bundle.unit-test";
		};
/* End PBXNativeTarget section */

/* Begin PBXProject section */
		60A0105F2090755D00EAE5B1 /* Project object */ = {
			isa = PBXProject;
			attributes = {
				LastSwiftUpdateCheck = 0930;
				LastUpgradeCheck = 0930;
				ORGANIZATIONNAME = "Pinzariu Marian";
				TargetAttributes = {
					60A010662090755D00EAE5B1 = {
						CreatedOnToolsVersion = 9.3;
					};
					C91441A120ADB71600706979 = {
						CreatedOnToolsVersion = 9.3.1;
						TestTargetID = 60A010662090755D00EAE5B1;
					};
				};
			};
			buildConfigurationList = 60A010622090755D00EAE5B1 /* Build configuration list for PBXProject "eMagApp" */;
			compatibilityVersion = "Xcode 9.3";
			developmentRegion = en;
			hasScannedForEncodings = 0;
			knownRegions = (
				en,
				Base,
			);
			mainGroup = 60A0105E2090755D00EAE5B1;
			productRefGroup = 60A010682090755D00EAE5B1 /* Products */;
			projectDirPath = "";
			projectRoot = "";
			targets = (
				60A010662090755D00EAE5B1 /* eMagApp */,
				C91441A120ADB71600706979 /* eMagAppTests */,
			);
		};
/* End PBXProject section */

/* Begin PBXResourcesBuildPhase section */
		60A010652090755D00EAE5B1 /* Resources */ = {
			isa = PBXResourcesBuildPhase;
			buildActionMask = 2147483647;
			files = (
				60A010752090755E00EAE5B1 /* LaunchScreen.storyboard in Resources */,
				60A010722090755E00EAE5B1 /* Assets.xcassets in Resources */,
				60A010702090755D00EAE5B1 /* Main.storyboard in Resources */,
			);
			runOnlyForDeploymentPostprocessing = 0;
		};
		C91441A020ADB71600706979 /* Resources */ = {
			isa = PBXResourcesBuildPhase;
			buildActionMask = 2147483647;
			files = (
				C91441D520B2D95D00706979 /* 1.htm in Resources */,
				C91441D720B2D99300706979 /* 2.htm in Resources */,
				C91441D820B3097100706979 /* apple.htm in Resources */,
				C91441D120B2CA7400706979 /* 0.htm in Resources */,
			);
			runOnlyForDeploymentPostprocessing = 0;
		};
/* End PBXResourcesBuildPhase section */

/* Begin PBXShellScriptBuildPhase section */
		0828F66F9CA7CA87B1B90F95 /* [CP] Check Pods Manifest.lock */ = {
			isa = PBXShellScriptBuildPhase;
			buildActionMask = 2147483647;
			files = (
			);
			inputPaths = (
				"${PODS_PODFILE_DIR_PATH}/Podfile.lock",
				"${PODS_ROOT}/Manifest.lock",
			);
			name = "[CP] Check Pods Manifest.lock";
			outputPaths = (
				"$(DERIVED_FILE_DIR)/Pods-eMagApp-checkManifestLockResult.txt",
			);
			runOnlyForDeploymentPostprocessing = 0;
			shellPath = /bin/sh;
			shellScript = "diff \"${PODS_PODFILE_DIR_PATH}/Podfile.lock\" \"${PODS_ROOT}/Manifest.lock\" > /dev/null\nif [ $? != 0 ] ; then\n    # print error to STDERR\n    echo \"error: The sandbox is not in sync with the Podfile.lock. Run 'pod install' or update your CocoaPods installation.\" >&2\n    exit 1\nfi\n# This output is used by Xcode 'outputs' to avoid re-running this script phase.\necho \"SUCCESS\" > \"${SCRIPT_OUTPUT_FILE_0}\"\n";
			showEnvVarsInLog = 0;
		};
		5AAC7F9664E19C22A6F66523 /* [CP] Embed Pods Frameworks */ = {
			isa = PBXShellScriptBuildPhase;
			buildActionMask = 2147483647;
			files = (
			);
			inputPaths = (
				"${SRCROOT}/Pods/Target Support Files/Pods-eMagApp/Pods-eMagApp-frameworks.sh",
				"${BUILT_PRODUCTS_DIR}/SwiftSoup/SwiftSoup.framework",
			);
			name = "[CP] Embed Pods Frameworks";
			outputPaths = (
				"${TARGET_BUILD_DIR}/${FRAMEWORKS_FOLDER_PATH}/SwiftSoup.framework",
			);
			runOnlyForDeploymentPostprocessing = 0;
			shellPath = /bin/sh;
			shellScript = "\"${SRCROOT}/Pods/Target Support Files/Pods-eMagApp/Pods-eMagApp-frameworks.sh\"\n";
			showEnvVarsInLog = 0;
		};
/* End PBXShellScriptBuildPhase section */

/* Begin PBXSourcesBuildPhase section */
		60A010632090755D00EAE5B1 /* Sources */ = {
			isa = PBXSourcesBuildPhase;
			buildActionMask = 2147483647;
			files = (
				C91E79DE20AAEC720074DEAF /* EmagRequest.swift in Sources */,
				60476F9F209C81B300AFD98D /* SearchViewController.swift in Sources */,
				C914419B20AD7DE000706979 /* UIViewController+nav.swift in Sources */,
				60476FA3209C81CF00AFD98D /* ProductTableViewCell.swift in Sources */,
				60476FA1209C81C300AFD98D /* ProductsTableViewController.swift in Sources */,
				C91441C120B2B47800706979 /* EmagProductsRequest.swift in Sources */,
				C91441C320B2B49A00706979 /* EmagDetailsRequest.swift in Sources */,
				C91441BB20B2B3BC00706979 /* HtmlRetriever.swift in Sources */,
				60CE1A59209C810700BD5F21 /* Log.swift in Sources */,
				C914419D20AD7E1700706979 /* UIImageView+loadImage.swift in Sources */,
				C91441BF20B2B45300706979 /* Factory.swift in Sources */,
				60A0106B2090755D00EAE5B1 /* AppDelegate.swift in Sources */,
				C91E79E420AC57F50074DEAF /* ProductCellProtocol.swift in Sources */,
				C914419920AD7D8600706979 /* Double+format.swift in Sources */,
				C91441CB20B2BB3D00706979 /* UIViewController+alert.swift in Sources */,
				60CE1A57209C80EF00BD5F21 /* ProductDetails.swift in Sources */,
				60476FA5209C81DC00AFD98D /* ProductDetailsViewController.swift in Sources */,
				C91E79E220AC57910074DEAF /* ProductCellDelegate.swift in Sources */,
				60CE1A55209C80E400BD5F21 /* Product.swift in Sources */,
				C91441C920B2BA8F00706979 /* String+attributed.swift in Sources */,
				604D9F9D20A32A4800C69A2F /* Constants.swift in Sources */,
				C91441BD20B2B41A00706979 /* NetworkAccess.swift in Sources */,
				C91E79D220A9BD620074DEAF /* ImageSliderViewController.swift in Sources */,
			);
			runOnlyForDeploymentPostprocessing = 0;
		};
		C914419E20ADB71600706979 /* Sources */ = {
			isa = PBXSourcesBuildPhase;
			buildActionMask = 2147483647;
			files = (
				C90B070520B413BD004CD740 /* ProductTesting.swift in Sources */,
				C91441C520B2B55F00706979 /* MockedFactory.swift in Sources */,
				C91441DC20B3F9B200706979 /* TestConstants.swift in Sources */,
				C91441AD20ADB95700706979 /* ProductScraperTesting.swift in Sources */,
				C91441DE20B4053700706979 /* ProductDetailsTesting.swift in Sources */,
				C91441DA20B3EFC000706979 /* Helper.swift in Sources */,
				C9348BA320B44EF20073E0E8 /* DetailsScraperTesting.swift in Sources */,
				C91441B320ADBDC100706979 /* TestsProductScraping.swift in Sources */,
				C91441B820AF10C900706979 /* TestUrlConstruction.swift in Sources */,
			);
			runOnlyForDeploymentPostprocessing = 0;
		};
/* End PBXSourcesBuildPhase section */

/* Begin PBXTargetDependency section */
		C91441A820ADB71600706979 /* PBXTargetDependency */ = {
			isa = PBXTargetDependency;
			target = 60A010662090755D00EAE5B1 /* eMagApp */;
			targetProxy = C91441A720ADB71600706979 /* PBXContainerItemProxy */;
		};
/* End PBXTargetDependency section */

/* Begin PBXVariantGroup section */
		60A0106E2090755D00EAE5B1 /* Main.storyboard */ = {
			isa = PBXVariantGroup;
			children = (
				60A0106F2090755D00EAE5B1 /* Base */,
			);
			name = Main.storyboard;
			sourceTree = "<group>";
		};
		60A010732090755E00EAE5B1 /* LaunchScreen.storyboard */ = {
			isa = PBXVariantGroup;
			children = (
				60A010742090755E00EAE5B1 /* Base */,
			);
			name = LaunchScreen.storyboard;
			sourceTree = "<group>";
		};
/* End PBXVariantGroup section */

/* Begin XCBuildConfiguration section */
		60A010772090755E00EAE5B1 /* Debug */ = {
			isa = XCBuildConfiguration;
			buildSettings = {
				ALWAYS_SEARCH_USER_PATHS = NO;
				CLANG_ANALYZER_NONNULL = YES;
				CLANG_ANALYZER_NUMBER_OBJECT_CONVERSION = YES_AGGRESSIVE;
				CLANG_CXX_LANGUAGE_STANDARD = "gnu++14";
				CLANG_CXX_LIBRARY = "libc++";
				CLANG_ENABLE_MODULES = YES;
				CLANG_ENABLE_OBJC_ARC = YES;
				CLANG_ENABLE_OBJC_WEAK = YES;
				CLANG_WARN_BLOCK_CAPTURE_AUTORELEASING = YES;
				CLANG_WARN_BOOL_CONVERSION = YES;
				CLANG_WARN_COMMA = YES;
				CLANG_WARN_CONSTANT_CONVERSION = YES;
				CLANG_WARN_DEPRECATED_OBJC_IMPLEMENTATIONS = YES;
				CLANG_WARN_DIRECT_OBJC_ISA_USAGE = YES_ERROR;
				CLANG_WARN_DOCUMENTATION_COMMENTS = YES;
				CLANG_WARN_EMPTY_BODY = YES;
				CLANG_WARN_ENUM_CONVERSION = YES;
				CLANG_WARN_INFINITE_RECURSION = YES;
				CLANG_WARN_INT_CONVERSION = YES;
				CLANG_WARN_NON_LITERAL_NULL_CONVERSION = YES;
				CLANG_WARN_OBJC_IMPLICIT_RETAIN_SELF = YES;
				CLANG_WARN_OBJC_LITERAL_CONVERSION = YES;
				CLANG_WARN_OBJC_ROOT_CLASS = YES_ERROR;
				CLANG_WARN_RANGE_LOOP_ANALYSIS = YES;
				CLANG_WARN_STRICT_PROTOTYPES = YES;
				CLANG_WARN_SUSPICIOUS_MOVE = YES;
				CLANG_WARN_UNGUARDED_AVAILABILITY = YES_AGGRESSIVE;
				CLANG_WARN_UNREACHABLE_CODE = YES;
				CLANG_WARN__DUPLICATE_METHOD_MATCH = YES;
				CODE_SIGN_IDENTITY = "iPhone Developer";
				COPY_PHASE_STRIP = NO;
				DEBUG_INFORMATION_FORMAT = dwarf;
				ENABLE_STRICT_OBJC_MSGSEND = YES;
				ENABLE_TESTABILITY = YES;
				GCC_C_LANGUAGE_STANDARD = gnu11;
				GCC_DYNAMIC_NO_PIC = NO;
				GCC_NO_COMMON_BLOCKS = YES;
				GCC_OPTIMIZATION_LEVEL = 0;
				GCC_PREPROCESSOR_DEFINITIONS = (
					"DEBUG=1",
					"$(inherited)",
				);
				GCC_WARN_64_TO_32_BIT_CONVERSION = YES;
				GCC_WARN_ABOUT_RETURN_TYPE = YES_ERROR;
				GCC_WARN_UNDECLARED_SELECTOR = YES;
				GCC_WARN_UNINITIALIZED_AUTOS = YES_AGGRESSIVE;
				GCC_WARN_UNUSED_FUNCTION = YES;
				GCC_WARN_UNUSED_VARIABLE = YES;
				IPHONEOS_DEPLOYMENT_TARGET = 11.3;
				MTL_ENABLE_DEBUG_INFO = YES;
				ONLY_ACTIVE_ARCH = YES;
				SDKROOT = iphoneos;
				SWIFT_ACTIVE_COMPILATION_CONDITIONS = DEBUG;
				SWIFT_OPTIMIZATION_LEVEL = "-Onone";
			};
			name = Debug;
		};
		60A010782090755E00EAE5B1 /* Release */ = {
			isa = XCBuildConfiguration;
			buildSettings = {
				ALWAYS_SEARCH_USER_PATHS = NO;
				CLANG_ANALYZER_NONNULL = YES;
				CLANG_ANALYZER_NUMBER_OBJECT_CONVERSION = YES_AGGRESSIVE;
				CLANG_CXX_LANGUAGE_STANDARD = "gnu++14";
				CLANG_CXX_LIBRARY = "libc++";
				CLANG_ENABLE_MODULES = YES;
				CLANG_ENABLE_OBJC_ARC = YES;
				CLANG_ENABLE_OBJC_WEAK = YES;
				CLANG_WARN_BLOCK_CAPTURE_AUTORELEASING = YES;
				CLANG_WARN_BOOL_CONVERSION = YES;
				CLANG_WARN_COMMA = YES;
				CLANG_WARN_CONSTANT_CONVERSION = YES;
				CLANG_WARN_DEPRECATED_OBJC_IMPLEMENTATIONS = YES;
				CLANG_WARN_DIRECT_OBJC_ISA_USAGE = YES_ERROR;
				CLANG_WARN_DOCUMENTATION_COMMENTS = YES;
				CLANG_WARN_EMPTY_BODY = YES;
				CLANG_WARN_ENUM_CONVERSION = YES;
				CLANG_WARN_INFINITE_RECURSION = YES;
				CLANG_WARN_INT_CONVERSION = YES;
				CLANG_WARN_NON_LITERAL_NULL_CONVERSION = YES;
				CLANG_WARN_OBJC_IMPLICIT_RETAIN_SELF = YES;
				CLANG_WARN_OBJC_LITERAL_CONVERSION = YES;
				CLANG_WARN_OBJC_ROOT_CLASS = YES_ERROR;
				CLANG_WARN_RANGE_LOOP_ANALYSIS = YES;
				CLANG_WARN_STRICT_PROTOTYPES = YES;
				CLANG_WARN_SUSPICIOUS_MOVE = YES;
				CLANG_WARN_UNGUARDED_AVAILABILITY = YES_AGGRESSIVE;
				CLANG_WARN_UNREACHABLE_CODE = YES;
				CLANG_WARN__DUPLICATE_METHOD_MATCH = YES;
				CODE_SIGN_IDENTITY = "iPhone Developer";
				COPY_PHASE_STRIP = NO;
				DEBUG_INFORMATION_FORMAT = "dwarf-with-dsym";
				ENABLE_NS_ASSERTIONS = NO;
				ENABLE_STRICT_OBJC_MSGSEND = YES;
				GCC_C_LANGUAGE_STANDARD = gnu11;
				GCC_NO_COMMON_BLOCKS = YES;
				GCC_WARN_64_TO_32_BIT_CONVERSION = YES;
				GCC_WARN_ABOUT_RETURN_TYPE = YES_ERROR;
				GCC_WARN_UNDECLARED_SELECTOR = YES;
				GCC_WARN_UNINITIALIZED_AUTOS = YES_AGGRESSIVE;
				GCC_WARN_UNUSED_FUNCTION = YES;
				GCC_WARN_UNUSED_VARIABLE = YES;
				IPHONEOS_DEPLOYMENT_TARGET = 11.3;
				MTL_ENABLE_DEBUG_INFO = NO;
				SDKROOT = iphoneos;
				SWIFT_COMPILATION_MODE = wholemodule;
				SWIFT_OPTIMIZATION_LEVEL = "-O";
				VALIDATE_PRODUCT = YES;
			};
			name = Release;
		};
		60A0107A2090755E00EAE5B1 /* Debug */ = {
			isa = XCBuildConfiguration;
			baseConfigurationReference = 367FC2F533C8BD0F4F336A42 /* Pods-eMagApp.debug.xcconfig */;
			buildSettings = {
				ASSETCATALOG_COMPILER_APPICON_NAME = AppIcon;
				CODE_SIGN_STYLE = Automatic;
				DEVELOPMENT_TEAM = "";
				INFOPLIST_FILE = eMagApp/Info.plist;
				LD_RUNPATH_SEARCH_PATHS = (
					"$(inherited)",
					"@executable_path/Frameworks",
				);
				PRODUCT_BUNDLE_IDENTIFIER = "Zenitech-Development.eMagApp";
				PRODUCT_NAME = "$(TARGET_NAME)";
				SWIFT_VERSION = 4.0;
				TARGETED_DEVICE_FAMILY = 1;
			};
			name = Debug;
		};
		60A0107B2090755E00EAE5B1 /* Release */ = {
			isa = XCBuildConfiguration;
			baseConfigurationReference = 42D9BA5D5226856561C851CB /* Pods-eMagApp.release.xcconfig */;
			buildSettings = {
				ASSETCATALOG_COMPILER_APPICON_NAME = AppIcon;
				CODE_SIGN_STYLE = Automatic;
				DEVELOPMENT_TEAM = "";
				INFOPLIST_FILE = eMagApp/Info.plist;
				LD_RUNPATH_SEARCH_PATHS = (
					"$(inherited)",
					"@executable_path/Frameworks",
				);
				PRODUCT_BUNDLE_IDENTIFIER = "Zenitech-Development.eMagApp";
				PRODUCT_NAME = "$(TARGET_NAME)";
				SWIFT_VERSION = 4.0;
				TARGETED_DEVICE_FAMILY = 1;
			};
			name = Release;
		};
		C91441A920ADB71600706979 /* Debug */ = {
			isa = XCBuildConfiguration;
			buildSettings = {
				BUNDLE_LOADER = "$(TEST_HOST)";
				CODE_SIGN_STYLE = Automatic;
				INFOPLIST_FILE = eMagAppTests/Info.plist;
				LD_RUNPATH_SEARCH_PATHS = (
					"$(inherited)",
					"@executable_path/Frameworks",
					"@loader_path/Frameworks",
				);
				PRODUCT_BUNDLE_IDENTIFIER = uk.zeni.eMagAppTests;
				PRODUCT_NAME = "$(TARGET_NAME)";
				SWIFT_VERSION = 4.0;
				TARGETED_DEVICE_FAMILY = "1,2";
				TEST_HOST = "$(BUILT_PRODUCTS_DIR)/eMagApp.app/eMagApp";
			};
			name = Debug;
		};
		C91441AA20ADB71600706979 /* Release */ = {
			isa = XCBuildConfiguration;
			buildSettings = {
				BUNDLE_LOADER = "$(TEST_HOST)";
				CODE_SIGN_STYLE = Automatic;
				INFOPLIST_FILE = eMagAppTests/Info.plist;
				LD_RUNPATH_SEARCH_PATHS = (
					"$(inherited)",
					"@executable_path/Frameworks",
					"@loader_path/Frameworks",
				);
				PRODUCT_BUNDLE_IDENTIFIER = uk.zeni.eMagAppTests;
				PRODUCT_NAME = "$(TARGET_NAME)";
				SWIFT_VERSION = 4.0;
				TARGETED_DEVICE_FAMILY = "1,2";
				TEST_HOST = "$(BUILT_PRODUCTS_DIR)/eMagApp.app/eMagApp";
			};
			name = Release;
		};
/* End XCBuildConfiguration section */

/* Begin XCConfigurationList section */
		60A010622090755D00EAE5B1 /* Build configuration list for PBXProject "eMagApp" */ = {
			isa = XCConfigurationList;
			buildConfigurations = (
				60A010772090755E00EAE5B1 /* Debug */,
				60A010782090755E00EAE5B1 /* Release */,
			);
			defaultConfigurationIsVisible = 0;
			defaultConfigurationName = Release;
		};
		60A010792090755E00EAE5B1 /* Build configuration list for PBXNativeTarget "eMagApp" */ = {
			isa = XCConfigurationList;
			buildConfigurations = (
				60A0107A2090755E00EAE5B1 /* Debug */,
				60A0107B2090755E00EAE5B1 /* Release */,
			);
			defaultConfigurationIsVisible = 0;
			defaultConfigurationName = Release;
		};
		C91441AB20ADB71600706979 /* Build configuration list for PBXNativeTarget "eMagAppTests" */ = {
			isa = XCConfigurationList;
			buildConfigurations = (
				C91441A920ADB71600706979 /* Debug */,
				C91441AA20ADB71600706979 /* Release */,
			);
			defaultConfigurationIsVisible = 0;
			defaultConfigurationName = Release;
		};
/* End XCConfigurationList section */
	};
	rootObject = 60A0105F2090755D00EAE5B1 /* Project object */;
}
